
Microsoft Visual Studio Solution File, Format Version 12.00
# Visual Studio 14
VisualStudioVersion = 14.0.23107.0
MinimumVisualStudioVersion = 10.0.40219.1
Project("{FAE04EC0-301F-11D3-BF4B-00C04F79EFBC}") = "ToolsManager", "ToolsManager\ToolsManager.csproj", "{CFF0DC47-9F63-45CF-9766-7C751CF18BE4}"
EndProject
Project("{FAE04EC0-301F-11D3-BF4B-00C04F79EFBC}") = "ToolsManager.Interface", "ToolsManager.Interface\ToolsManager.Interface.csproj", "{5F783463-B3F9-4E96-83F0-D5A371ABEBCA}"
EndProject
Global
	GlobalSection(SolutionConfigurationPlatforms) = preSolution
		Debug|Any CPU = Debug|Any CPU
		Release|Any CPU = Release|Any CPU
	EndGlobalSection
	GlobalSection(ProjectConfigurationPlatforms) = postSolution
		{CFF0DC47-9F63-45CF-9766-7C751CF18BE4}.Debug|Any CPU.ActiveCfg = Debug|Any CPU
		{CFF0DC47-9F63-45CF-9766-7C751CF18BE4}.Debug|Any CPU.Build.0 = Debug|Any CPU
		{CFF0DC47-9F63-45CF-9766-7C751CF18BE4}.Release|Any CPU.ActiveCfg = Release|Any CPU
		{CFF0DC47-9F63-45CF-9766-7C751CF18BE4}.Release|Any CPU.Build.0 = Release|Any CPU
		{5F783463-B3F9-4E96-83F0-D5A371ABEBCA}.Debug|Any CPU.ActiveCfg = Debug|Any CPU
		{5F783463-B3F9-4E96-83F0-D5A371ABEBCA}.Debug|Any CPU.Build.0 = Debug|Any CPU
		{5F783463-B3F9-4E96-83F0-D5A371ABEBCA}.Release|Any CPU.ActiveCfg = Release|Any CPU
		{5F783463-B3F9-4E96-83F0-D5A371ABEBCA}.Release|Any CPU.Build.0 = Release|Any CPU
	EndGlobalSection
	GlobalSection(SolutionProperties) = preSolution
		HideSolutionNode = FALSE
	EndGlobalSection
EndGlobal
